// !$*UTF8*$!
{
	archiveVersion = 1;
	classes = {
	};
	objectVersion = 46;
	objects = {

/* Begin PBXBuildFile section */
		4E0288231F4BFAB8009C92EF /* AppDelegate.swift in Sources */ = {isa = PBXBuildFile; fileRef = 4E0288221F4BFAB8009C92EF /* AppDelegate.swift */; };
		4E0288251F4BFAB8009C92EF /* MasterViewController.swift in Sources */ = {isa = PBXBuildFile; fileRef = 4E0288241F4BFAB8009C92EF /* MasterViewController.swift */; };
		4E0288271F4BFAB8009C92EF /* DetailViewController.swift in Sources */ = {isa = PBXBuildFile; fileRef = 4E0288261F4BFAB8009C92EF /* DetailViewController.swift */; };
		4E02882A1F4BFAB8009C92EF /* Main.storyboard in Resources */ = {isa = PBXBuildFile; fileRef = 4E0288281F4BFAB8009C92EF /* Main.storyboard */; };
		4E02882C1F4BFAB8009C92EF /* Assets.xcassets in Resources */ = {isa = PBXBuildFile; fileRef = 4E02882B1F4BFAB8009C92EF /* Assets.xcassets */; };
		4E02882F1F4BFAB8009C92EF /* LaunchScreen.storyboard in Resources */ = {isa = PBXBuildFile; fileRef = 4E02882D1F4BFAB8009C92EF /* LaunchScreen.storyboard */; };
		4E02883A1F4BFAB9009C92EF /* MyDealsTests.swift in Sources */ = {isa = PBXBuildFile; fileRef = 4E0288391F4BFAB9009C92EF /* MyDealsTests.swift */; };
		4E0288451F4BFAB9009C92EF /* MyDealsUITests.swift in Sources */ = {isa = PBXBuildFile; fileRef = 4E0288441F4BFAB9009C92EF /* MyDealsUITests.swift */; };
/* End PBXBuildFile section */

/* Begin PBXContainerItemProxy section */
		4E0288361F4BFAB9009C92EF /* PBXContainerItemProxy */ = {
			isa = PBXContainerItemProxy;
			containerPortal = 4E0288171F4BFAB8009C92EF /* Project object */;
			proxyType = 1;
			remoteGlobalIDString = 4E02881E1F4BFAB8009C92EF;
			remoteInfo = MyDeals;
		};
		4E0288411F4BFAB9009C92EF /* PBXContainerItemProxy */ = {
			isa = PBXContainerItemProxy;
			containerPortal = 4E0288171F4BFAB8009C92EF /* Project object */;
			proxyType = 1;
			remoteGlobalIDString = 4E02881E1F4BFAB8009C92EF;
			remoteInfo = MyDeals;
		};
/* End PBXContainerItemProxy section */

/* Begin PBXFileReference section */
		4E02881F1F4BFAB8009C92EF /* MyDeals.app */ = {isa = PBXFileReference; explicitFileType = wrapper.application; includeInIndex = 0; path = MyDeals.app; sourceTree = BUILT_PRODUCTS_DIR; };
		4E0288221F4BFAB8009C92EF /* AppDelegate.swift */ = {isa = PBXFileReference; lastKnownFileType = sourcecode.swift; path = AppDelegate.swift; sourceTree = "<group>"; };
		4E0288241F4BFAB8009C92EF /* MasterViewController.swift */ = {isa = PBXFileReference; lastKnownFileType = sourcecode.swift; path = MasterViewController.swift; sourceTree = "<group>"; };
		4E0288261F4BFAB8009C92EF /* DetailViewController.swift */ = {isa = PBXFileReference; lastKnownFileType = sourcecode.swift; path = DetailViewController.swift; sourceTree = "<group>"; };
		4E0288291F4BFAB8009C92EF /* Base */ = {isa = PBXFileReference; lastKnownFileType = file.storyboard; name = Base; path = Base.lproj/Main.storyboard; sourceTree = "<group>"; };
		4E02882B1F4BFAB8009C92EF /* Assets.xcassets */ = {isa = PBXFileReference; lastKnownFileType = folder.assetcatalog; path = Assets.xcassets; sourceTree = "<group>"; };
		4E02882E1F4BFAB8009C92EF /* Base */ = {isa = PBXFileReference; lastKnownFileType = file.storyboard; name = Base; path = Base.lproj/LaunchScreen.storyboard; sourceTree = "<group>"; };
		4E0288301F4BFAB8009C92EF /* Info.plist */ = {isa = PBXFileReference; lastKnownFileType = text.plist.xml; path = Info.plist; sourceTree = "<group>"; };
		4E0288351F4BFAB9009C92EF /* MyDealsTests.xctest */ = {isa = PBXFileReference; explicitFileType = wrapper.cfbundle; includeInIndex = 0; path = MyDealsTests.xctest; sourceTree = BUILT_PRODUCTS_DIR; };
		4E0288391F4BFAB9009C92EF /* MyDealsTests.swift */ = {isa = PBXFileReference; lastKnownFileType = sourcecode.swift; path = MyDealsTests.swift; sourceTree = "<group>"; };
		4E02883B1F4BFAB9009C92EF /* Info.plist */ = {isa = PBXFileReference; lastKnownFileType = text.plist.xml; path = Info.plist; sourceTree = "<group>"; };
		4E0288401F4BFAB9009C92EF /* MyDealsUITests.xctest */ = {isa = PBXFileReference; explicitFileType = wrapper.cfbundle; includeInIndex = 0; path = MyDealsUITests.xctest; sourceTree = BUILT_PRODUCTS_DIR; };
		4E0288441F4BFAB9009C92EF /* MyDealsUITests.swift */ = {isa = PBXFileReference; lastKnownFileType = sourcecode.swift; path = MyDealsUITests.swift; sourceTree = "<group>"; };
		4E0288461F4BFAB9009C92EF /* Info.plist */ = {isa = PBXFileReference; lastKnownFileType = text.plist.xml; path = Info.plist; sourceTree = "<group>"; };
/* End PBXFileReference section */

/* Begin PBXFrameworksBuildPhase section */
		4E02881C1F4BFAB8009C92EF /* Frameworks */ = {
			isa = PBXFrameworksBuildPhase;
			buildActionMask = 2147483647;
			files = (
			);
			runOnlyForDeploymentPostprocessing = 0;
		};
		4E0288321F4BFAB9009C92EF /* Frameworks */ = {
			isa = PBXFrameworksBuildPhase;
			buildActionMask = 2147483647;
			files = (
			);
			runOnlyForDeploymentPostprocessing = 0;
		};
		4E02883D1F4BFAB9009C92EF /* Frameworks */ = {
			isa = PBXFrameworksBuildPhase;
			buildActionMask = 2147483647;
			files = (
			);
			runOnlyForDeploymentPostprocessing = 0;
		};
/* End PBXFrameworksBuildPhase section */

/* Begin PBXGroup section */
		4E0288161F4BFAB8009C92EF = {
			isa = PBXGroup;
			children = (
				4E0288211F4BFAB8009C92EF /* MyDeals */,
				4E0288381F4BFAB9009C92EF /* MyDealsTests */,
				4E0288431F4BFAB9009C92EF /* MyDealsUITests */,
				4E0288201F4BFAB8009C92EF /* Products */,
			);
			sourceTree = "<group>";
		};
		4E0288201F4BFAB8009C92EF /* Products */ = {
			isa = PBXGroup;
			children = (
				4E02881F1F4BFAB8009C92EF /* MyDeals.app */,
				4E0288351F4BFAB9009C92EF /* MyDealsTests.xctest */,
				4E0288401F4BFAB9009C92EF /* MyDealsUITests.xctest */,
			);
			name = Products;
			sourceTree = "<group>";
		};
		4E0288211F4BFAB8009C92EF /* MyDeals */ = {
			isa = PBXGroup;
			children = (
				4E0288221F4BFAB8009C92EF /* AppDelegate.swift */,
				4E0288241F4BFAB8009C92EF /* MasterViewController.swift */,
				4E0288261F4BFAB8009C92EF /* DetailViewController.swift */,
				4E0288281F4BFAB8009C92EF /* Main.storyboard */,
				4E02882B1F4BFAB8009C92EF /* Assets.xcassets */,
				4E02882D1F4BFAB8009C92EF /* LaunchScreen.storyboard */,
				4E0288301F4BFAB8009C92EF /* Info.plist */,
			);
			path = MyDeals;
			sourceTree = "<group>";
		};
		4E0288381F4BFAB9009C92EF /* MyDealsTests */ = {
			isa = PBXGroup;
			children = (
				4E0288391F4BFAB9009C92EF /* MyDealsTests.swift */,
				4E02883B1F4BFAB9009C92EF /* Info.plist */,
			);
			path = MyDealsTests;
			sourceTree = "<group>";
		};
		4E0288431F4BFAB9009C92EF /* MyDealsUITests */ = {
			isa = PBXGroup;
			children = (
				4E0288441F4BFAB9009C92EF /* MyDealsUITests.swift */,
				4E0288461F4BFAB9009C92EF /* Info.plist */,
			);
			path = MyDealsUITests;
			sourceTree = "<group>";
		};
/* End PBXGroup section */

/* Begin PBXNativeTarget section */
		4E02881E1F4BFAB8009C92EF /* MyDeals */ = {
			isa = PBXNativeTarget;
			buildConfigurationList = 4E0288491F4BFAB9009C92EF /* Build configuration list for PBXNativeTarget "MyDeals" */;
			buildPhases = (
				4E02881B1F4BFAB8009C92EF /* Sources */,
				4E02881C1F4BFAB8009C92EF /* Frameworks */,
				4E02881D1F4BFAB8009C92EF /* Resources */,
			);
			buildRules = (
			);
			dependencies = (
			);
			name = MyDeals;
			productName = MyDeals;
			productReference = 4E02881F1F4BFAB8009C92EF /* MyDeals.app */;
			productType = "com.apple.product-type.application";
		};
		4E0288341F4BFAB9009C92EF /* MyDealsTests */ = {
			isa = PBXNativeTarget;
			buildConfigurationList = 4E02884C1F4BFAB9009C92EF /* Build configuration list for PBXNativeTarget "MyDealsTests" */;
			buildPhases = (
				4E0288311F4BFAB9009C92EF /* Sources */,
				4E0288321F4BFAB9009C92EF /* Frameworks */,
				4E0288331F4BFAB9009C92EF /* Resources */,
			);
			buildRules = (
			);
			dependencies = (
				4E0288371F4BFAB9009C92EF /* PBXTargetDependency */,
			);
			name = MyDealsTests;
			productName = MyDealsTests;
			productReference = 4E0288351F4BFAB9009C92EF /* MyDealsTests.xctest */;
			productType = "com.apple.product-type.bundle.unit-test";
		};
		4E02883F1F4BFAB9009C92EF /* MyDealsUITests */ = {
			isa = PBXNativeTarget;
			buildConfigurationList = 4E02884F1F4BFAB9009C92EF /* Build configuration list for PBXNativeTarget "MyDealsUITests" */;
			buildPhases = (
				4E02883C1F4BFAB9009C92EF /* Sources */,
				4E02883D1F4BFAB9009C92EF /* Frameworks */,
				4E02883E1F4BFAB9009C92EF /* Resources */,
			);
			buildRules = (
			);
			dependencies = (
				4E0288421F4BFAB9009C92EF /* PBXTargetDependency */,
			);
			name = MyDealsUITests;
			productName = MyDealsUITests;
			productReference = 4E0288401F4BFAB9009C92EF /* MyDealsUITests.xctest */;
			productType = "com.apple.product-type.bundle.ui-testing";
		};
/* End PBXNativeTarget section */

/* Begin PBXProject section */
		4E0288171F4BFAB8009C92EF /* Project object */ = {
			isa = PBXProject;
			attributes = {
				LastSwiftUpdateCheck = 0830;
				LastUpgradeCheck = 0830;
				ORGANIZATIONNAME = "Mathieu Corti";
				TargetAttributes = {
					4E02881E1F4BFAB8009C92EF = {
						CreatedOnToolsVersion = 8.3.3;
						ProvisioningStyle = Automatic;
					};
					4E0288341F4BFAB9009C92EF = {
						CreatedOnToolsVersion = 8.3.3;
						ProvisioningStyle = Automatic;
						TestTargetID = 4E02881E1F4BFAB8009C92EF;
					};
					4E02883F1F4BFAB9009C92EF = {
						CreatedOnToolsVersion = 8.3.3;
						ProvisioningStyle = Automatic;
						TestTargetID = 4E02881E1F4BFAB8009C92EF;
					};
				};
			};
			buildConfigurationList = 4E02881A1F4BFAB8009C92EF /* Build configuration list for PBXProject "MyDeals" */;
			compatibilityVersion = "Xcode 3.2";
			developmentRegion = English;
			hasScannedForEncodings = 0;
			knownRegions = (
				en,
				Base,
			);
			mainGroup = 4E0288161F4BFAB8009C92EF;
			productRefGroup = 4E0288201F4BFAB8009C92EF /* Products */;
			projectDirPath = "";
			projectRoot = "";
			targets = (
				4E02881E1F4BFAB8009C92EF /* MyDeals */,
				4E0288341F4BFAB9009C92EF /* MyDealsTests */,
				4E02883F1F4BFAB9009C92EF /* MyDealsUITests */,
			);
		};
/* End PBXProject section */

/* Begin PBXResourcesBuildPhase section */
		4E02881D1F4BFAB8009C92EF /* Resources */ = {
			isa = PBXResourcesBuildPhase;
			buildActionMask = 2147483647;
			files = (
				4E02882F1F4BFAB8009C92EF /* LaunchScreen.storyboard in Resources */,
				4E02882C1F4BFAB8009C92EF /* Assets.xcassets in Resources */,
				4E02882A1F4BFAB8009C92EF /* Main.storyboard in Resources */,
			);
			runOnlyForDeploymentPostprocessing = 0;
		};
		4E0288331F4BFAB9009C92EF /* Resources */ = {
			isa = PBXResourcesBuildPhase;
			buildActionMask = 2147483647;
			files = (
			);
			runOnlyForDeploymentPostprocessing = 0;
		};
		4E02883E1F4BFAB9009C92EF /* Resources */ = {
			isa = PBXResourcesBuildPhase;
			buildActionMask = 2147483647;
			files = (
			);
			runOnlyForDeploymentPostprocessing = 0;
		};
/* End PBXResourcesBuildPhase section */

/* Begin PBXSourcesBuildPhase section */
		4E02881B1F4BFAB8009C92EF /* Sources */ = {
			isa = PBXSourcesBuildPhase;
			buildActionMask = 2147483647;
			files = (
				4E0288271F4BFAB8009C92EF /* DetailViewController.swift in Sources */,
				4E0288251F4BFAB8009C92EF /* MasterViewController.swift in Sources */,
				4E0288231F4BFAB8009C92EF /* AppDelegate.swift in Sources */,
			);
			runOnlyForDeploymentPostprocessing = 0;
		};
		4E0288311F4BFAB9009C92EF /* Sources */ = {
			isa = PBXSourcesBuildPhase;
			buildActionMask = 2147483647;
			files = (
				4E02883A1F4BFAB9009C92EF /* MyDealsTests.swift in Sources */,
			);
			runOnlyForDeploymentPostprocessing = 0;
		};
		4E02883C1F4BFAB9009C92EF /* Sources */ = {
			isa = PBXSourcesBuildPhase;
			buildActionMask = 2147483647;
			files = (
				4E0288451F4BFAB9009C92EF /* MyDealsUITests.swift in Sources */,
			);
			runOnlyForDeploymentPostprocessing = 0;
		};
/* End PBXSourcesBuildPhase section */

/* Begin PBXTargetDependency section */
		4E0288371F4BFAB9009C92EF /* PBXTargetDependency */ = {
			isa = PBXTargetDependency;
			target = 4E02881E1F4BFAB8009C92EF /* MyDeals */;
			targetProxy = 4E0288361F4BFAB9009C92EF /* PBXContainerItemProxy */;
		};
		4E0288421F4BFAB9009C92EF /* PBXTargetDependency */ = {
			isa = PBXTargetDependency;
			target = 4E02881E1F4BFAB8009C92EF /* MyDeals */;
			targetProxy = 4E0288411F4BFAB9009C92EF /* PBXContainerItemProxy */;
		};
/* End PBXTargetDependency section */

/* Begin PBXVariantGroup section */
		4E0288281F4BFAB8009C92EF /* Main.storyboard */ = {
			isa = PBXVariantGroup;
			children = (
				4E0288291F4BFAB8009C92EF /* Base */,
			);
			name = Main.storyboard;
			sourceTree = "<group>";
		};
		4E02882D1F4BFAB8009C92EF /* LaunchScreen.storyboard */ = {
			isa = PBXVariantGroup;
			children = (
				4E02882E1F4BFAB8009C92EF /* Base */,
			);
			name = LaunchScreen.storyboard;
			sourceTree = "<group>";
		};
/* End PBXVariantGroup section */

/* Begin XCBuildConfiguration section */
		4E0288471F4BFAB9009C92EF /* Debug */ = {
			isa = XCBuildConfiguration;
			buildSettings = {
				ALWAYS_SEARCH_USER_PATHS = NO;
				CLANG_ANALYZER_NONNULL = YES;
				CLANG_ANALYZER_NUMBER_OBJECT_CONVERSION = YES_AGGRESSIVE;
				CLANG_CXX_LANGUAGE_STANDARD = "gnu++0x";
				CLANG_CXX_LIBRARY = "libc++";
				CLANG_ENABLE_MODULES = YES;
				CLANG_ENABLE_OBJC_ARC = YES;
				CLANG_WARN_BOOL_CONVERSION = YES;
				CLANG_WARN_CONSTANT_CONVERSION = YES;
				CLANG_WARN_DIRECT_OBJC_ISA_USAGE = YES_ERROR;
				CLANG_WARN_DOCUMENTATION_COMMENTS = YES;
				CLANG_WARN_EMPTY_BODY = YES;
				CLANG_WARN_ENUM_CONVERSION = YES;
				CLANG_WARN_INFINITE_RECURSION = YES;
				CLANG_WARN_INT_CONVERSION = YES;
				CLANG_WARN_OBJC_ROOT_CLASS = YES_ERROR;
				CLANG_WARN_SUSPICIOUS_MOVE = YES;
				CLANG_WARN_UNREACHABLE_CODE = YES;
				CLANG_WARN__DUPLICATE_METHOD_MATCH = YES;
				"CODE_SIGN_IDENTITY[sdk=iphoneos*]" = "iPhone Developer";
				COPY_PHASE_STRIP = NO;
				DEBUG_INFORMATION_FORMAT = dwarf;
				ENABLE_STRICT_OBJC_MSGSEND = YES;
				ENABLE_TESTABILITY = YES;
				GCC_C_LANGUAGE_STANDARD = gnu99;
				GCC_DYNAMIC_NO_PIC = NO;
				GCC_NO_COMMON_BLOCKS = YES;
				GCC_OPTIMIZATION_LEVEL = 0;
				GCC_PREPROCESSOR_DEFINITIONS = (
					"DEBUG=1",
					"$(inherited)",
				);
				GCC_WARN_64_TO_32_BIT_CONVERSION = YES;
				GCC_WARN_ABOUT_RETURN_TYPE = YES_ERROR;
				GCC_WARN_UNDECLARED_SELECTOR = YES;
				GCC_WARN_UNINITIALIZED_AUTOS = YES_AGGRESSIVE;
				GCC_WARN_UNUSED_FUNCTION = YES;
				GCC_WARN_UNUSED_VARIABLE = YES;
				IPHONEOS_DEPLOYMENT_TARGET = 10.3;
				MTL_ENABLE_DEBUG_INFO = YES;
				ONLY_ACTIVE_ARCH = YES;
				SDKROOT = iphoneos;
				SWIFT_ACTIVE_COMPILATION_CONDITIONS = DEBUG;
				SWIFT_OPTIMIZATION_LEVEL = "-Onone";
				TARGETED_DEVICE_FAMILY = "1,2";
			};
			name = Debug;
		};
		4E0288481F4BFAB9009C92EF /* Release */ = {
			isa = XCBuildConfiguration;
			buildSettings = {
				ALWAYS_SEARCH_USER_PATHS = NO;
				CLANG_ANALYZER_NONNULL = YES;
				CLANG_ANALYZER_NUMBER_OBJECT_CONVERSION = YES_AGGRESSIVE;
				CLANG_CXX_LANGUAGE_STANDARD = "gnu++0x";
				CLANG_CXX_LIBRARY = "libc++";
				CLANG_ENABLE_MODULES = YES;
				CLANG_ENABLE_OBJC_ARC = YES;
				CLANG_WARN_BOOL_CONVERSION = YES;
				CLANG_WARN_CONSTANT_CONVERSION = YES;
				CLANG_WARN_DIRECT_OBJC_ISA_USAGE = YES_ERROR;
				CLANG_WARN_DOCUMENTATION_COMMENTS = YES;
				CLANG_WARN_EMPTY_BODY = YES;
				CLANG_WARN_ENUM_CONVERSION = YES;
				CLANG_WARN_INFINITE_RECURSION = YES;
				CLANG_WARN_INT_CONVERSION = YES;
				CLANG_WARN_OBJC_ROOT_CLASS = YES_ERROR;
				CLANG_WARN_SUSPICIOUS_MOVE = YES;
				CLANG_WARN_UNREACHABLE_CODE = YES;
				CLANG_WARN__DUPLICATE_METHOD_MATCH = YES;
				"CODE_SIGN_IDENTITY[sdk=iphoneos*]" = "iPhone Developer";
				COPY_PHASE_STRIP = NO;
				DEBUG_INFORMATION_FORMAT = "dwarf-with-dsym";
				ENABLE_NS_ASSERTIONS = NO;
				ENABLE_STRICT_OBJC_MSGSEND = YES;
				GCC_C_LANGUAGE_STANDARD = gnu99;
				GCC_NO_COMMON_BLOCKS = YES;
				GCC_WARN_64_TO_32_BIT_CONVERSION = YES;
				GCC_WARN_ABOUT_RETURN_TYPE = YES_ERROR;
				GCC_WARN_UNDECLARED_SELECTOR = YES;
				GCC_WARN_UNINITIALIZED_AUTOS = YES_AGGRESSIVE;
				GCC_WARN_UNUSED_FUNCTION = YES;
				GCC_WARN_UNUSED_VARIABLE = YES;
				IPHONEOS_DEPLOYMENT_TARGET = 10.3;
				MTL_ENABLE_DEBUG_INFO = NO;
				SDKROOT = iphoneos;
				SWIFT_OPTIMIZATION_LEVEL = "-Owholemodule";
				TARGETED_DEVICE_FAMILY = "1,2";
				VALIDATE_PRODUCT = YES;
			};
			name = Release;
		};
		4E02884A1F4BFAB9009C92EF /* Debug */ = {
			isa = XCBuildConfiguration;
			buildSettings = {
				ASSETCATALOG_COMPILER_APPICON_NAME = AppIcon;
				INFOPLIST_FILE = MyDeals/Info.plist;
				LD_RUNPATH_SEARCH_PATHS = "$(inherited) @executable_path/Frameworks";
				PRODUCT_BUNDLE_IDENTIFIER = com.corti.MyDeals;
				PRODUCT_NAME = "$(TARGET_NAME)";
				SWIFT_VERSION = 3.0;
			};
			name = Debug;
		};
		4E02884B1F4BFAB9009C92EF /* Release */ = {
			isa = XCBuildConfiguration;
			buildSettings = {
				ASSETCATALOG_COMPILER_APPICON_NAME = AppIcon;
				INFOPLIST_FILE = MyDeals/Info.plist;
				LD_RUNPATH_SEARCH_PATHS = "$(inherited) @executable_path/Frameworks";
				PRODUCT_BUNDLE_IDENTIFIER = com.corti.MyDeals;
				PRODUCT_NAME = "$(TARGET_NAME)";
				SWIFT_VERSION = 3.0;
			};
			name = Release;
		};
		4E02884D1F4BFAB9009C92EF /* Debug */ = {
			isa = XCBuildConfiguration;
			buildSettings = {
				ALWAYS_EMBED_SWIFT_STANDARD_LIBRARIES = YES;
				BUNDLE_LOADER = "$(TEST_HOST)";
				INFOPLIST_FILE = MyDealsTests/Info.plist;
				LD_RUNPATH_SEARCH_PATHS = "$(inherited) @executable_path/Frameworks @loader_path/Frameworks";
				PRODUCT_BUNDLE_IDENTIFIER = com.corti.MyDealsTests;
				PRODUCT_NAME = "$(TARGET_NAME)";
				SWIFT_VERSION = 3.0;
				TEST_HOST = "$(BUILT_PRODUCTS_DIR)/MyDeals.app/MyDeals";
			};
			name = Debug;
		};
		4E02884E1F4BFAB9009C92EF /* Release */ = {
			isa = XCBuildConfiguration;
			buildSettings = {
				ALWAYS_EMBED_SWIFT_STANDARD_LIBRARIES = YES;
				BUNDLE_LOADER = "$(TEST_HOST)";
				INFOPLIST_FILE = MyDealsTests/Info.plist;
				LD_RUNPATH_SEARCH_PATHS = "$(inherited) @executable_path/Frameworks @loader_path/Frameworks";
				PRODUCT_BUNDLE_IDENTIFIER = com.corti.MyDealsTests;
				PRODUCT_NAME = "$(TARGET_NAME)";
				SWIFT_VERSION = 3.0;
				TEST_HOST = "$(BUILT_PRODUCTS_DIR)/MyDeals.app/MyDeals";
			};
			name = Release;
		};
		4E0288501F4BFAB9009C92EF /* Debug */ = {
			isa = XCBuildConfiguration;
			buildSettings = {
				ALWAYS_EMBED_SWIFT_STANDARD_LIBRARIES = YES;
				INFOPLIST_FILE = MyDealsUITests/Info.plist;
				LD_RUNPATH_SEARCH_PATHS = "$(inherited) @executable_path/Frameworks @loader_path/Frameworks";
				PRODUCT_BUNDLE_IDENTIFIER = com.corti.MyDealsUITests;
				PRODUCT_NAME = "$(TARGET_NAME)";
				SWIFT_VERSION = 3.0;
				TEST_TARGET_NAME = MyDeals;
			};
			name = Debug;
		};
		4E0288511F4BFAB9009C92EF /* Release */ = {
			isa = XCBuildConfiguration;
			buildSettings = {
				ALWAYS_EMBED_SWIFT_STANDARD_LIBRARIES = YES;
				INFOPLIST_FILE = MyDealsUITests/Info.plist;
				LD_RUNPATH_SEARCH_PATHS = "$(inherited) @executable_path/Frameworks @loader_path/Frameworks";
				PRODUCT_BUNDLE_IDENTIFIER = com.corti.MyDealsUITests;
				PRODUCT_NAME = "$(TARGET_NAME)";
				SWIFT_VERSION = 3.0;
				TEST_TARGET_NAME = MyDeals;
			};
			name = Release;
		};
/* End XCBuildConfiguration section */

/* Begin XCConfigurationList section */
		4E02881A1F4BFAB8009C92EF /* Build configuration list for PBXProject "MyDeals" */ = {
			isa = XCConfigurationList;
			buildConfigurations = (
				4E0288471F4BFAB9009C92EF /* Debug */,
				4E0288481F4BFAB9009C92EF /* Release */,
			);
			defaultConfigurationIsVisible = 0;
			defaultConfigurationName = Release;
		};
		4E0288491F4BFAB9009C92EF /* Build configuration list for PBXNativeTarget "MyDeals" */ = {
			isa = XCConfigurationList;
			buildConfigurations = (
				4E02884A1F4BFAB9009C92EF /* Debug */,
				4E02884B1F4BFAB9009C92EF /* Release */,
			);
			defaultConfigurationIsVisible = 0;
		};
		4E02884C1F4BFAB9009C92EF /* Build configuration list for PBXNativeTarget "MyDealsTests" */ = {
			isa = XCConfigurationList;
			buildConfigurations = (
				4E02884D1F4BFAB9009C92EF /* Debug */,
				4E02884E1F4BFAB9009C92EF /* Release */,
			);
			defaultConfigurationIsVisible = 0;
		};
		4E02884F1F4BFAB9009C92EF /* Build configuration list for PBXNativeTarget "MyDealsUITests" */ = {
			isa = XCConfigurationList;
			buildConfigurations = (
				4E0288501F4BFAB9009C92EF /* Debug */,
				4E0288511F4BFAB9009C92EF /* Release */,
			);
			defaultConfigurationIsVisible = 0;
		};
/* End XCConfigurationList section */
	};
	rootObject = 4E0288171F4BFAB8009C92EF /* Project object */;
}
